{
  "name": "surveyjs-sample-with-requirejs-and-aspnet",
  "version": "1.0.0",
  "lockfileVersion": 3,
  "requires": true,
  "packages": {
    "": {
      "name": "surveyjs-sample-with-requirejs-and-aspnet",
      "version": "1.0.0",
      "license": "ISC",
      "dependencies": {
        "knockout": "latest",
        "requirejs": "latest",
        "survey-core": "latest",
        "survey-creator-core": "latest",
        "survey-creator-knockout": "latest",
        "survey-knockout-ui": "latest"
      },
      "devDependencies": {}
    },
    "node_modules/knockout": {
      "version": "3.5.1",
      "resolved": "https://registry.npmjs.org/knockout/-/knockout-3.5.1.tgz",
      "integrity": "sha512-wRJ9I4az0QcsH7A4v4l0enUpkS++MBx0BnL/68KaLzJg7x1qmbjSlwEoCNol7KTYZ+pmtI7Eh2J0Nu6/2Z5J/Q=="
    },
    "node_modules/requirejs": {
      "version": "2.3.7",
      "resolved": "https://registry.npmjs.org/requirejs/-/requirejs-2.3.7.tgz",
      "integrity": "sha512-DouTG8T1WanGok6Qjg2SXuCMzszOo0eHeH9hDZ5Y4x8Je+9JB38HdTLT4/VA8OaUhBa0JPVHJ0pyBkM1z+pDsw==",
      "bin": {
        "r_js": "bin/r.js",
        "r.js": "bin/r.js"
      },
      "engines": {
        "node": ">=0.4.0"
      }
    },
    "node_modules/survey-core": {
      "version": "1.11.9",
      "resolved": "https://registry.npmjs.org/survey-core/-/survey-core-1.11.9.tgz",
      "integrity": "sha512-OD12lKCYTUIi9zgVtFrNHQCEHXr9Yp9O60c9pHkz4Rj0CZ0cUwVjK6wps3B9gWld0/g6qGQ0UrYtubCB7ysbLg=="
    },
    "node_modules/survey-creator-core": {
      "version": "1.11.9",
      "resolved": "https://registry.npmjs.org/survey-creator-core/-/survey-creator-core-1.11.9.tgz",
      "integrity": "sha512-eaUQBkm59GjrYRniiRxPQhfoH3mDoYw4CzbduCpfve2+lGKsIeLlyZlJ1iBivu5cmka0cug4/2W9O+kAlEx8kg==",
      "engines": {
        "node": ">=0.10.0"
      },
      "peerDependencies": {
        "ace-builds": "^1.4.12",
        "survey-core": "1.11.9"
      },
      "peerDependenciesMeta": {
        "ace-builds": {
          "optional": true
        }
      }
    },
    "node_modules/survey-creator-knockout": {
      "version": "1.11.9",
      "resolved": "https://registry.npmjs.org/survey-creator-knockout/-/survey-creator-knockout-1.11.9.tgz",
      "integrity": "sha512-p5oeEpjsAEo/KcqnMFmyGf2/wlPe7IrBj/3iZ30xYfYwk7mBFIQlqGJiwJyrgqNRipORMdgQTVghqrFgxKc5ZQ==",
      "dependencies": {
        "knockout": "^3.5.0"
      },
      "engines": {
        "node": ">=0.10.0"
      },
      "peerDependencies": {
        "ace-builds": "^1.4.12",
        "survey-core": "1.11.9",
        "survey-creator-core": "1.11.9",
        "survey-knockout-ui": "1.11.9"
      },
      "peerDependenciesMeta": {
        "ace-builds": {
          "optional": true
        }
      }
    },
    "node_modules/survey-knockout-ui": {
      "version": "1.11.9",
      "resolved": "https://registry.npmjs.org/survey-knockout-ui/-/survey-knockout-ui-1.11.9.tgz",
      "integrity": "sha512-UDlEV9ZswkI0vq6X+zQk865Feb7jsdxic/j0kKa0v0Zxp2H1MJi0b7Qlb6AqC49EGQFL1RjayIwsnaB+4PWqqg==",
      "dependencies": {
        "knockout": "^3.5.0"
      },
      "peerDependencies": {
        "survey-core": "1.11.9"
      }
    }
  }
}
