
Microsoft Visual Studio Solution File, Format Version 12.00
# Visual Studio Version 17
VisualStudioVersion = 17.5.002.0
MinimumVisualStudioVersion = 10.0.40219.1
Project("{9A19103F-16F7-4668-BE54-9A1E7A4F7556}") = "RequireJs.InlineConfiguration", "RequireJs.InlineConfiguration.csproj", "{B6060BD9-8680-40FA-94FD-B649DFD6B379}"
EndProject
Global
	GlobalSection(SolutionConfigurationPlatforms) = preSolution
		Debug|Any CPU = Debug|Any CPU
		Release|Any CPU = Release|Any CPU
	EndGlobalSection
	GlobalSection(ProjectConfigurationPlatforms) = postSolution
		{B6060BD9-8680-40FA-94FD-B649DFD6B379}.Debug|Any CPU.ActiveCfg = Debug|Any CPU
		{B6060BD9-8680-40FA-94FD-B649DFD6B379}.Debug|Any CPU.Build.0 = Debug|Any CPU
		{B6060BD9-8680-40FA-94FD-B649DFD6B379}.Release|Any CPU.ActiveCfg = Release|Any CPU
		{B6060BD9-8680-40FA-94FD-B649DFD6B379}.Release|Any CPU.Build.0 = Release|Any CPU
	EndGlobalSection
	GlobalSection(SolutionProperties) = preSolution
		HideSolutionNode = FALSE
	EndGlobalSection
	GlobalSection(ExtensibilityGlobals) = postSolution
		SolutionGuid = {85403D34-9B2F-4D4F-B5B0-570825D97CB7}
	EndGlobalSection
EndGlobal
